
Microsoft Visual Studio Solution File, Format Version 12.00
# Visual Studio Version 16
VisualStudioVersion = 16.0.29920.165
MinimumVisualStudioVersion = 10.0.40219.1
Project("{FAE04EC0-301F-11D3-BF4B-00C04F79EFBC}") = "indexextract-cs", "indexextract-cs\indexextract-cs.csproj", "{BF198BD2-8800-40E7-89D6-43703C77794F}"
EndProject
Global
	GlobalSection(SolutionConfigurationPlatforms) = preSolution
		Debug|Any CPU = Debug|Any CPU
		Release|Any CPU = Release|Any CPU
	EndGlobalSection
	GlobalSection(ProjectConfigurationPlatforms) = postSolution
		{BF198BD2-8800-40E7-89D6-43703C77794F}.Debug|Any CPU.ActiveCfg = Debug|Any CPU
		{BF198BD2-8800-40E7-89D6-43703C77794F}.Debug|Any CPU.Build.0 = Debug|Any CPU
		{BF198BD2-8800-40E7-89D6-43703C77794F}.Release|Any CPU.ActiveCfg = Release|Any CPU
		{BF198BD2-8800-40E7-89D6-43703C77794F}.Release|Any CPU.Build.0 = Release|Any CPU
	EndGlobalSection
	GlobalSection(SolutionProperties) = preSolution
		HideSolutionNode = FALSE
	EndGlobalSection
	GlobalSection(ExtensibilityGlobals) = postSolution
		SolutionGuid = {FB3652F2-6E68-4C28-A1D0-98A72E1DB76E}
	EndGlobalSection
EndGlobal
